
Microsoft Visual Studio Solution File, Format Version 12.00
# Visual Studio Version 17
VisualStudioVersion = 17.8.34525.116
MinimumVisualStudioVersion = 10.0.40219.1
Project("{FAE04EC0-301F-11D3-BF4B-00C04F79EFBC}") = "Mission11", "Mission11.csproj", "{D7C5D1E3-80D7-4113-8948-42A1709E8CC5}"
EndProject
Global
	GlobalSection(SolutionConfigurationPlatforms) = preSolution
		Debug|Any CPU = Debug|Any CPU
		Release|Any CPU = Release|Any CPU
	EndGlobalSection
	GlobalSection(ProjectConfigurationPlatforms) = postSolution
		{D7C5D1E3-80D7-4113-8948-42A1709E8CC5}.Debug|Any CPU.ActiveCfg = Debug|Any CPU
		{D7C5D1E3-80D7-4113-8948-42A1709E8CC5}.Debug|Any CPU.Build.0 = Debug|Any CPU
		{D7C5D1E3-80D7-4113-8948-42A1709E8CC5}.Release|Any CPU.ActiveCfg = Release|Any CPU
		{D7C5D1E3-80D7-4113-8948-42A1709E8CC5}.Release|Any CPU.Build.0 = Release|Any CPU
	EndGlobalSection
	GlobalSection(SolutionProperties) = preSolution
		HideSolutionNode = FALSE
	EndGlobalSection
	GlobalSection(ExtensibilityGlobals) = postSolution
		SolutionGuid = {4FB5908E-3A3B-4C64-8B92-31F3AEA646C2}
	EndGlobalSection
EndGlobal
